<?xml version="1.0" encoding="utf-8"?>
<Project ToolsVersion="4.0" xmlns="http://schemas.microsoft.com/developer/msbuild/2003">
  <ItemGroup>
    <Filter Include="Source Files">
      <UniqueIdentifier>{4FC737F1-C7A5-4376-A066-2A32D752A2FF}</UniqueIdentifier>
      <Extensions>cpp;c;cc;cxx;def;odl;idl;hpj;bat;asm;asmx</Extensions>
    </Filter>
    <Filter Include="Header Files">
      <UniqueIdentifier>{93995380-89BD-4b04-88EB-625FBE52EBFB}</UniqueIdentifier>
      <Extensions>h;hpp;hxx;hm;inl;inc;xsd</Extensions>
    </Filter>
    <Filter Include="Resource Files">
      <UniqueIdentifier>{67DA6AB6-F800-4c08-8B7A-83BB121AAD01}</UniqueIdentifier>
      <Extensions>rc;ico;cur;bmp;dlg;rc2;rct;bin;rgs;gif;jpg;jpeg;jpe;resx;tiff;tif;png;wav</Extensions>
    </Filter>
    <Filter Include="EasyJson">
      <UniqueIdentifier>{e426ac0f-6ecb-4cd3-81c5-6077b7395048}</UniqueIdentifier>
    </Filter>
    <Filter Include="BaseObject">
      <UniqueIdentifier>{bd058b36-1e8e-4ee9-af8a-cfe57620a8a5}</UniqueIdentifier>
    </Filter>
    <Filter Include="Common">
      <UniqueIdentifier>{dc469ce8-2900-4f6d-ae76-fe5b82310699}</UniqueIdentifier>
    </Filter>
    <Filter Include="unimpl">
      <UniqueIdentifier>{c7c49678-1cb4-4bb1-b84f-9ed27876ae7c}</UniqueIdentifier>
    </Filter>
    <Filter Include="Lex">
      <UniqueIdentifier>{684f8bae-f6a0-4cea-9a0f-2a3d3ddd9d92}</UniqueIdentifier>
    </Filter>
  </ItemGroup>
  <ItemGroup>
    <ClCompile Include="..\ScritpEngine\stdafx.cpp">
      <Filter>Source Files</Filter>
    </ClCompile>
    <ClCompile Include="ScpExpressionAnalyser.cpp">
      <Filter>Source Files</Filter>
    </ClCompile>
    <ClCompile Include="ScpGlobalCommandObject.cpp">
      <Filter>Source Files</Filter>
    </ClCompile>
    <ClCompile Include="ScpGlobalObject.cpp">
      <Filter>Source Files</Filter>
    </ClCompile>
    <ClCompile Include="ScpObjectSpace.cpp">
      <Filter>Source Files</Filter>
    </ClCompile>
    <ClCompile Include="ScpRuntime.cpp">
      <Filter>Source Files</Filter>
    </ClCompile>
    <ClCompile Include="ScpScriptCommand.cpp">
      <Filter>Source Files</Filter>
    </ClCompile>
    <ClCompile Include="ScpUserObject.cpp">
      <Filter>Source Files</Filter>
    </ClCompile>
    <ClCompile Include="ScriptFile.cpp">
      <Filter>Source Files</Filter>
    </ClCompile>
    <ClCompile Include="ScpScriptLex.cpp">
      <Filter>Lex</Filter>
    </ClCompile>
    <ClCompile Include="ScpObjectNammes.cpp">
      <Filter>Source Files</Filter>
    </ClCompile>
    <ClCompile Include="ScpExpressionBlock.cpp">
      <Filter>Source Files</Filter>
    </ClCompile>
    <ClCompile Include="ScpExtendObjectMgr.cpp">
      <Filter>Source Files</Filter>
    </ClCompile>
    <ClCompile Include="ScpResourcePool.cpp">
      <Filter>Source Files</Filter>
    </ClCompile>
    <ClCompile Include="ScpObjectFactory.cpp">
      <Filter>Source Files</Filter>
    </ClCompile>
    <ClCompile Include="..\EasyJson\EasyJson\CppEasyJson.cpp">
      <Filter>EasyJson</Filter>
    </ClCompile>
    <ClCompile Include="ScpArrayObject.cpp">
      <Filter>BaseObject</Filter>
    </ClCompile>
    <ClCompile Include="ScpBigIntObject.cpp">
      <Filter>BaseObject</Filter>
    </ClCompile>
    <ClCompile Include="ScpClassObject.cpp">
      <Filter>BaseObject</Filter>
    </ClCompile>
    <ClCompile Include="ScpDoubleObject.cpp">
      <Filter>BaseObject</Filter>
    </ClCompile>
    <ClCompile Include="ScpIntObject.cpp">
      <Filter>BaseObject</Filter>
    </ClCompile>
    <ClCompile Include="ScpJsonObject.cpp">
      <Filter>BaseObject</Filter>
    </ClCompile>
    <ClCompile Include="ScpStringArrayObject.cpp">
      <Filter>BaseObject</Filter>
    </ClCompile>
    <ClCompile Include="ScpStringObject.cpp">
      <Filter>BaseObject</Filter>
    </ClCompile>
    <ClCompile Include="ScpStructObject.cpp">
      <Filter>BaseObject</Filter>
    </ClCompile>
    <ClCompile Include="ScpTableObject.cpp">
      <Filter>BaseObject</Filter>
    </ClCompile>
    <ClCompile Include="ScpMapObject.cpp">
      <Filter>BaseObject</Filter>
    </ClCompile>
    <ClCompile Include="ScpNullObject.cpp">
      <Filter>BaseObject</Filter>
    </ClCompile>
    <ClCompile Include="ScpRegExpObject.cpp">
      <Filter>BaseObject</Filter>
    </ClCompile>
    <ClCompile Include="ScpIfStatementObject.cpp">
      <Filter>BaseObject</Filter>
    </ClCompile>
    <ClCompile Include="ScpWhileStatementObject.cpp">
      <Filter>BaseObject</Filter>
    </ClCompile>
    <ClCompile Include="ScpFunctionObject.cpp">
      <Filter>BaseObject</Filter>
    </ClCompile>
    <ClCompile Include="NumberHelp.cpp">
      <Filter>Common</Filter>
    </ClCompile>
    <ClCompile Include="ScpFileObject.cpp">
      <Filter>BaseObject</Filter>
    </ClCompile>
    <ClCompile Include="ScpTimeObject.cpp">
      <Filter>BaseObject</Filter>
    </ClCompile>
    <ClCompile Include="ScpDirectoryObject.cpp">
      <Filter>BaseObject</Filter>
    </ClCompile>
    <ClCompile Include="ScpMemoryObject.cpp">
      <Filter>BaseObject</Filter>
    </ClCompile>
    <ClCompile Include="ScpRandomNumberObject.cpp">
      <Filter>BaseObject</Filter>
    </ClCompile>
    <ClCompile Include="ScpCFunctionObject.cpp">
      <Filter>BaseObject</Filter>
    </ClCompile>
    <ClCompile Include="..\Common\IsValidFileName.cpp">
      <Filter>Common</Filter>
    </ClCompile>
    <ClCompile Include="ScpObjectDefine.cpp">
      <Filter>Source Files</Filter>
    </ClCompile>
    <ClCompile Include="ScpOperationMgr.cpp">
      <Filter>Source Files</Filter>
    </ClCompile>
    <ClCompile Include="ScriptEngine.cpp">
      <Filter>Source Files</Filter>
    </ClCompile>
    <ClCompile Include="ScpStackObject.cpp">
      <Filter>BaseObject</Filter>
    </ClCompile>
    <ClCompile Include="ScpQueueObject.cpp">
      <Filter>BaseObject</Filter>
    </ClCompile>
    <ClCompile Include="ScriptScanner.cpp">
      <Filter>unimpl</Filter>
    </ClCompile>
    <ClCompile Include="ScpAst.cpp">
      <Filter>unimpl</Filter>
    </ClCompile>
    <ClCompile Include="ScpExpressionsObject.cpp">
      <Filter>unimpl</Filter>
    </ClCompile>
    <ClCompile Include="ScpRuntimeStack.cpp">
      <Filter>unimpl</Filter>
    </ClCompile>
    <ClCompile Include="ScpLex.cpp">
      <Filter>unimpl</Filter>
    </ClCompile>
    <ClCompile Include="ScpCObject.cpp">
      <Filter>BaseObject</Filter>
    </ClCompile>
    <ClCompile Include="UIMessage.cpp">
      <Filter>Source Files</Filter>
    </ClCompile>
    <ClCompile Include="ScpClassInstanceObject.cpp">
      <Filter>BaseObject</Filter>
    </ClCompile>
    <ClCompile Include="ScpGlobalCommands.cpp">
      <Filter>Source Files</Filter>
    </ClCompile>
    <ClCompile Include="ScpByteCode.cpp">
      <Filter>Source Files</Filter>
    </ClCompile>
    <ClCompile Include="ScriptByteCode.cpp">
      <Filter>Source Files</Filter>
    </ClCompile>
    <ClCompile Include="ScpListObject.cpp">
      <Filter>BaseObject</Filter>
    </ClCompile>
    <ClCompile Include="ScpRangeObject.cpp">
      <Filter>BaseObject</Filter>
    </ClCompile>
  </ItemGroup>
  <ItemGroup>
    <ClInclude Include="..\ScritpEngine\stdafx.h">
      <Filter>Header Files</Filter>
    </ClInclude>
    <ClInclude Include="..\ScritpEngine\targetver.h">
      <Filter>Header Files</Filter>
    </ClInclude>
    <ClInclude Include="commanddefine.h">
      <Filter>Header Files</Filter>
    </ClInclude>
    <ClInclude Include="mapobjects.h">
      <Filter>Header Files</Filter>
    </ClInclude>
    <ClInclude Include="ScpCommonObject.h">
      <Filter>Header Files</Filter>
    </ClInclude>
    <ClInclude Include="ScpExpressionAnalyser.h">
      <Filter>Header Files</Filter>
    </ClInclude>
    <ClInclude Include="ScpGlobalCommandObject.h">
      <Filter>Header Files</Filter>
    </ClInclude>
    <ClInclude Include="ScpGlobalObject.h">
      <Filter>Header Files</Filter>
    </ClInclude>
    <ClInclude Include="ScpObjectSpace.h">
      <Filter>Header Files</Filter>
    </ClInclude>
    <ClInclude Include="ScpRuntime.h">
      <Filter>Header Files</Filter>
    </ClInclude>
    <ClInclude Include="ScpScriptCommand.h">
      <Filter>Header Files</Filter>
    </ClInclude>
    <ClInclude Include="ScpUserObject.h">
      <Filter>Header Files</Filter>
    </ClInclude>
    <ClInclude Include="ScriptEngine.h">
      <Filter>Header Files</Filter>
    </ClInclude>
    <ClInclude Include="ScriptFile.h">
      <Filter>Header Files</Filter>
    </ClInclude>
    <ClInclude Include="UIMessage.h">
      <Filter>Header Files</Filter>
    </ClInclude>
    <ClInclude Include="ScpScriptLex.h">
      <Filter>Lex</Filter>
    </ClInclude>
    <ClInclude Include="ScpObjectNammes.h">
      <Filter>Header Files</Filter>
    </ClInclude>
    <ClInclude Include="ScpObject_uni.h">
      <Filter>Header Files</Filter>
    </ClInclude>
    <ClInclude Include="ScpExpressionBlock.h">
      <Filter>Header Files</Filter>
    </ClInclude>
    <ClInclude Include="ScpExtendObjectMgr.h">
      <Filter>Header Files</Filter>
    </ClInclude>
    <ClInclude Include="ScpByteCode.h">
      <Filter>Header Files</Filter>
    </ClInclude>
    <ClInclude Include="ScpResourcePool.h">
      <Filter>Header Files</Filter>
    </ClInclude>
    <ClInclude Include="addin.h">
      <Filter>Header Files</Filter>
    </ClInclude>
    <ClInclude Include="ScpObjectFactory.h">
      <Filter>Header Files</Filter>
    </ClInclude>
    <ClInclude Include="..\EasyJson\EasyJson\CppEasyJson.h">
      <Filter>EasyJson</Filter>
    </ClInclude>
    <ClInclude Include="ScpArrayObject.h">
      <Filter>BaseObject</Filter>
    </ClInclude>
    <ClInclude Include="ScpBigIntObject.h">
      <Filter>BaseObject</Filter>
    </ClInclude>
    <ClInclude Include="ScpClassObject.h">
      <Filter>BaseObject</Filter>
    </ClInclude>
    <ClInclude Include="ScpIntObject.h">
      <Filter>BaseObject</Filter>
    </ClInclude>
    <ClInclude Include="ScpJsonObject.h">
      <Filter>BaseObject</Filter>
    </ClInclude>
    <ClInclude Include="ScpFunctionObject.h">
      <Filter>BaseObject</Filter>
    </ClInclude>
    <ClInclude Include="ScpIfStatementObject.h">
      <Filter>BaseObject</Filter>
    </ClInclude>
    <ClInclude Include="ScpMapObject.h">
      <Filter>BaseObject</Filter>
    </ClInclude>
    <ClInclude Include="ScpNullObject.h">
      <Filter>BaseObject</Filter>
    </ClInclude>
    <ClInclude Include="ScpRegExpObject.h">
      <Filter>BaseObject</Filter>
    </ClInclude>
    <ClInclude Include="ScpStringArrayObject.h">
      <Filter>BaseObject</Filter>
    </ClInclude>
    <ClInclude Include="ScpStructObject.h">
      <Filter>BaseObject</Filter>
    </ClInclude>
    <ClInclude Include="ScpTableObject.h">
      <Filter>BaseObject</Filter>
    </ClInclude>
    <ClInclude Include="ScpWhileStatementObject.h">
      <Filter>BaseObject</Filter>
    </ClInclude>
    <ClInclude Include="ScpStringObject.h">
      <Filter>BaseObject</Filter>
    </ClInclude>
    <ClInclude Include="NumberHelp.h">
      <Filter>Common</Filter>
    </ClInclude>
    <ClInclude Include="ScpFileObject.h">
      <Filter>BaseObject</Filter>
    </ClInclude>
    <ClInclude Include="ScpTimeObject.h">
      <Filter>BaseObject</Filter>
    </ClInclude>
    <ClInclude Include="ScpDirectoryObject.h">
      <Filter>BaseObject</Filter>
    </ClInclude>
    <ClInclude Include="ScpDoubleObject.h">
      <Filter>BaseObject</Filter>
    </ClInclude>
    <ClInclude Include="ScpMemoryObject.h">
      <Filter>BaseObject</Filter>
    </ClInclude>
    <ClInclude Include="ScpRandomNumberObject.h">
      <Filter>BaseObject</Filter>
    </ClInclude>
    <ClInclude Include="ScpCFunctionObject.h">
      <Filter>BaseObject</Filter>
    </ClInclude>
    <ClInclude Include="..\Common\IsValidFileName.h">
      <Filter>Common</Filter>
    </ClInclude>
    <ClInclude Include="ScpObjectDefine.h">
      <Filter>Header Files</Filter>
    </ClInclude>
    <ClInclude Include="ScpOperationMgr.h">
      <Filter>Header Files</Filter>
    </ClInclude>
    <ClInclude Include="ScpStackObject.h">
      <Filter>BaseObject</Filter>
    </ClInclude>
    <ClInclude Include="ScpQueueObject.h">
      <Filter>BaseObject</Filter>
    </ClInclude>
    <ClInclude Include="stdstringext.hpp">
      <Filter>Common</Filter>
    </ClInclude>
    <ClInclude Include="ScpAst.h">
      <Filter>unimpl</Filter>
    </ClInclude>
    <ClInclude Include="ScpExpressionsObject.h">
      <Filter>unimpl</Filter>
    </ClInclude>
    <ClInclude Include="ScriptScanner.h">
      <Filter>unimpl</Filter>
    </ClInclude>
    <ClInclude Include="ScpRuntimeStack.h">
      <Filter>unimpl</Filter>
    </ClInclude>
    <ClInclude Include="ScpLex.h">
      <Filter>unimpl</Filter>
    </ClInclude>
    <ClInclude Include="ScpCObject.h">
      <Filter>BaseObject</Filter>
    </ClInclude>
    <ClInclude Include="ScpObject.h">
      <Filter>BaseObject</Filter>
    </ClInclude>
    <ClInclude Include="ScpClassInstanceObject.h">
      <Filter>BaseObject</Filter>
    </ClInclude>
    <ClInclude Include="ScpGlobalCommands.h">
      <Filter>Header Files</Filter>
    </ClInclude>
    <ClInclude Include="ScriptByteCode.h">
      <Filter>Header Files</Filter>
    </ClInclude>
    <ClInclude Include="ScpDebugger.h">
      <Filter>Header Files</Filter>
    </ClInclude>
    <ClInclude Include="ScpListObject.h">
      <Filter>BaseObject</Filter>
    </ClInclude>
    <ClInclude Include="vectorobjects.h">
      <Filter>Header Files</Filter>
    </ClInclude>
    <ClInclude Include="..\Common\MapFindKeyByValue.hpp">
      <Filter>Common</Filter>
    </ClInclude>
    <ClInclude Include="commanddefine_uni.h">
      <Filter>Header Files</Filter>
    </ClInclude>
    <ClInclude Include="ScpErrorCode_uni.h">
      <Filter>Header Files</Filter>
    </ClInclude>
    <ClInclude Include="ScpRangeObject.h">
      <Filter>BaseObject</Filter>
    </ClInclude>
  </ItemGroup>
</Project>